// !$*UTF8*$!
{
	archiveVersion = 1;
	classes = {
	};
	objectVersion = 47;
	objects = {

/* Begin PBXBuildFile section */
		B373850B1AEB65A0006E432F /* AppDelegate.m in Sources */ = {isa = PBXBuildFile; fileRef = B373850A1AEB65A0006E432F /* AppDelegate.m */; };
		B373850E1AEB65A0006E432F /* ViewController.m in Sources */ = {isa = PBXBuildFile; fileRef = B373850D1AEB65A0006E432F /* ViewController.m */; };
		B37385111AEB65A0006E432F /* Main.storyboard in Resources */ = {isa = PBXBuildFile; fileRef = B373850F1AEB65A0006E432F /* Main.storyboard */; };
		B37385131AEB65A1006E432F /* Assets.xcassets in Resources */ = {isa = PBXBuildFile; fileRef = B37385121AEB65A1006E432F /* Assets.xcassets */; };
		B37385191AEB65A1006E432F /* main.m in Sources */ = {isa = PBXBuildFile; fileRef = B37385181AEB65A1006E432F /* main.m */; };
		B388A91B1AEB685600BF78D6 /* LMQScreenRecorder.m in Sources */ = {isa = PBXBuildFile; fileRef = B388A91A1AEB685600BF78D6 /* LMQScreenRecorder.m */; };
		B3AE5F151AF63CF6006FFAE3 /* baby.m4a in Resources */ = {isa = PBXBuildFile; fileRef = B3AE5F141AF63CF6006FFAE3 /* baby.m4a */; };
/* End PBXBuildFile section */

/* Begin PBXFileReference section */
		B37385061AEB65A0006E432F /* LMQScreenRecorder.app */ = {isa = PBXFileReference; explicitFileType = wrapper.application; includeInIndex = 0; path = LMQScreenRecorder.app; sourceTree = BUILT_PRODUCTS_DIR; };
		B37385091AEB65A0006E432F /* AppDelegate.h */ = {isa = PBXFileReference; lastKnownFileType = sourcecode.c.h; path = AppDelegate.h; sourceTree = "<group>"; };
		B373850A1AEB65A0006E432F /* AppDelegate.m */ = {isa = PBXFileReference; lastKnownFileType = sourcecode.c.objc; path = AppDelegate.m; sourceTree = "<group>"; };
		B373850C1AEB65A0006E432F /* ViewController.h */ = {isa = PBXFileReference; lastKnownFileType = sourcecode.c.h; path = ViewController.h; sourceTree = "<group>"; };
		B373850D1AEB65A0006E432F /* ViewController.m */ = {isa = PBXFileReference; lastKnownFileType = sourcecode.c.objc; path = ViewController.m; sourceTree = "<group>"; };
		B37385101AEB65A0006E432F /* Base */ = {isa = PBXFileReference; lastKnownFileType = file.storyboard; name = Base; path = Base.lproj/Main.storyboard; sourceTree = "<group>"; };
		B37385121AEB65A1006E432F /* Assets.xcassets */ = {isa = PBXFileReference; lastKnownFileType = folder.assetcatalog; path = Assets.xcassets; sourceTree = "<group>"; };
		B37385171AEB65A1006E432F /* Info.plist */ = {isa = PBXFileReference; lastKnownFileType = text.plist.xml; path = Info.plist; sourceTree = "<group>"; };
		B37385181AEB65A1006E432F /* main.m */ = {isa = PBXFileReference; lastKnownFileType = sourcecode.c.objc; path = main.m; sourceTree = "<group>"; };
		B388A9191AEB685600BF78D6 /* LMQScreenRecorder.h */ = {isa = PBXFileReference; lastKnownFileType = sourcecode.c.h; path = LMQScreenRecorder.h; sourceTree = "<group>"; };
		B388A91A1AEB685600BF78D6 /* LMQScreenRecorder.m */ = {isa = PBXFileReference; lastKnownFileType = sourcecode.c.objc; path = LMQScreenRecorder.m; sourceTree = "<group>"; };
		B3AE5F141AF63CF6006FFAE3 /* baby.m4a */ = {isa = PBXFileReference; lastKnownFileType = file; path = baby.m4a; sourceTree = "<group>"; };
/* End PBXFileReference section */

/* Begin PBXFrameworksBuildPhase section */
		B37385031AEB65A0006E432F /* Frameworks */ = {
			isa = PBXFrameworksBuildPhase;
			buildActionMask = 2147483647;
			files = (
			);
			runOnlyForDeploymentPostprocessing = 0;
		};
/* End PBXFrameworksBuildPhase section */

/* Begin PBXGroup section */
		B37384FD1AEB65A0006E432F = {
			isa = PBXGroup;
			children = (
				B37385081AEB65A0006E432F /* LMQScreenRecorder */,
				B37385071AEB65A0006E432F /* Products */,
			);
			sourceTree = "<group>";
		};
		B37385071AEB65A0006E432F /* Products */ = {
			isa = PBXGroup;
			children = (
				B37385061AEB65A0006E432F /* LMQScreenRecorder.app */,
			);
			name = Products;
			sourceTree = "<group>";
		};
		B37385081AEB65A0006E432F /* LMQScreenRecorder */ = {
			isa = PBXGroup;
			children = (
				B3AE5F111AF6039F006FFAE3 /* Resource */,
				B388A9181AEB684C00BF78D6 /* LMQScreenRecorder */,
				B37385091AEB65A0006E432F /* AppDelegate.h */,
				B373850A1AEB65A0006E432F /* AppDelegate.m */,
				B373850C1AEB65A0006E432F /* ViewController.h */,
				B373850D1AEB65A0006E432F /* ViewController.m */,
				B373850F1AEB65A0006E432F /* Main.storyboard */,
				B37385121AEB65A1006E432F /* Assets.xcassets */,
				B37385171AEB65A1006E432F /* Info.plist */,
				B37385181AEB65A1006E432F /* main.m */,
			);
			path = LMQScreenRecorder;
			sourceTree = "<group>";
		};
		B388A9181AEB684C00BF78D6 /* LMQScreenRecorder */ = {
			isa = PBXGroup;
			children = (
				B388A9191AEB685600BF78D6 /* LMQScreenRecorder.h */,
				B388A91A1AEB685600BF78D6 /* LMQScreenRecorder.m */,
			);
			path = LMQScreenRecorder;
			sourceTree = "<group>";
		};
		B3AE5F111AF6039F006FFAE3 /* Resource */ = {
			isa = PBXGroup;
			children = (
				B3AE5F141AF63CF6006FFAE3 /* baby.m4a */,
			);
			path = Resource;
			sourceTree = "<group>";
		};
/* End PBXGroup section */

/* Begin PBXNativeTarget section */
		B37385051AEB65A0006E432F /* LMQScreenRecorder */ = {
			isa = PBXNativeTarget;
			buildConfigurationList = B373851C1AEB65A1006E432F /* Build configuration list for PBXNativeTarget "LMQScreenRecorder" */;
			buildPhases = (
				B37385021AEB65A0006E432F /* Sources */,
				B37385031AEB65A0006E432F /* Frameworks */,
				B37385041AEB65A0006E432F /* Resources */,
			);
			buildRules = (
			);
			dependencies = (
			);
			name = LMQScreenRecorder;
			productName = LMQScreenRecorder;
			productReference = B37385061AEB65A0006E432F /* LMQScreenRecorder.app */;
			productType = "com.apple.product-type.application";
		};
/* End PBXNativeTarget section */

/* Begin PBXProject section */
		B37384FE1AEB65A0006E432F /* Project object */ = {
			isa = PBXProject;
			attributes = {
				LastUpgradeCheck = 1030;
				ORGANIZATIONNAME = limengqi;
				TargetAttributes = {
					B37385051AEB65A0006E432F = {
						CreatedOnToolsVersion = 10.3;
						ProvisioningStyle = Manual;
					};
				};
			};
			buildConfigurationList = B37385011AEB65A0006E432F /* Build configuration list for PBXProject "LMQScreenRecorder" */;
			compatibilityVersion = "Xcode 6.3";
			developmentRegion = en;
			hasScannedForEncodings = 0;
			knownRegions = (
				en,
				Base,
			);
			mainGroup = B37384FD1AEB65A0006E432F;
			productRefGroup = B37385071AEB65A0006E432F /* Products */;
			projectDirPath = "";
			projectRoot = "";
			targets = (
				B37385051AEB65A0006E432F /* LMQScreenRecorder */,
			);
		};
/* End PBXProject section */

/* Begin PBXResourcesBuildPhase section */
		B37385041AEB65A0006E432F /* Resources */ = {
			isa = PBXResourcesBuildPhase;
			buildActionMask = 2147483647;
			files = (
				B37385131AEB65A1006E432F /* Assets.xcassets in Resources */,
				B37385111AEB65A0006E432F /* Main.storyboard in Resources */,
				B3AE5F151AF63CF6006FFAE3 /* baby.m4a in Resources */,
			);
			runOnlyForDeploymentPostprocessing = 0;
		};
/* End PBXResourcesBuildPhase section */

/* Begin PBXSourcesBuildPhase section */
		B37385021AEB65A0006E432F /* Sources */ = {
			isa = PBXSourcesBuildPhase;
			buildActionMask = 2147483647;
			files = (
				B373850E1AEB65A0006E432F /* ViewController.m in Sources */,
				B37385191AEB65A1006E432F /* main.m in Sources */,
				B388A91B1AEB685600BF78D6 /* LMQScreenRecorder.m in Sources */,
				B373850B1AEB65A0006E432F /* AppDelegate.m in Sources */,
			);
			runOnlyForDeploymentPostprocessing = 0;
		};
/* End PBXSourcesBuildPhase section */

/* Begin PBXVariantGroup section */
		B373850F1AEB65A0006E432F /* Main.storyboard */ = {
			isa = PBXVariantGroup;
			children = (
				B37385101AEB65A0006E432F /* Base */,
			);
			name = Main.storyboard;
			sourceTree = "<group>";
		};
/* End PBXVariantGroup section */

/* Begin XCBuildConfiguration section */
		B373851A1AEB65A1006E432F /* Debug */ = {
			isa = XCBuildConfiguration;
			buildSettings = {
				ALWAYS_SEARCH_USER_PATHS = NO;
				CLANG_ANALYZER_NONNULL = YES;
				CLANG_ANALYZER_NUMBER_OBJECT_CONVERSION = YES_AGGRESSIVE;
				CLANG_CXX_LANGUAGE_STANDARD = "gnu++14";
				CLANG_CXX_LIBRARY = "libc++";
				CLANG_ENABLE_MODULES = YES;
				CLANG_ENABLE_OBJC_ARC = YES;
				CLANG_ENABLE_OBJC_WEAK = YES;
				CLANG_WARN_BLOCK_CAPTURE_AUTORELEASING = YES;
				CLANG_WARN_BOOL_CONVERSION = YES;
				CLANG_WARN_COMMA = YES;
				CLANG_WARN_CONSTANT_CONVERSION = YES;
				CLANG_WARN_DEPRECATED_OBJC_IMPLEMENTATIONS = YES;
				CLANG_WARN_DIRECT_OBJC_ISA_USAGE = YES_ERROR;
				CLANG_WARN_DOCUMENTATION_COMMENTS = YES;
				CLANG_WARN_EMPTY_BODY = YES;
				CLANG_WARN_ENUM_CONVERSION = YES;
				CLANG_WARN_INFINITE_RECURSION = YES;
				CLANG_WARN_INT_CONVERSION = YES;
				CLANG_WARN_NON_LITERAL_NULL_CONVERSION = YES;
				CLANG_WARN_OBJC_IMPLICIT_RETAIN_SELF = YES;
				CLANG_WARN_OBJC_LITERAL_CONVERSION = YES;
				CLANG_WARN_OBJC_ROOT_CLASS = YES_ERROR;
				CLANG_WARN_RANGE_LOOP_ANALYSIS = YES;
				CLANG_WARN_STRICT_PROTOTYPES = YES;
				CLANG_WARN_SUSPICIOUS_MOVE = YES;
				CLANG_WARN_UNGUARDED_AVAILABILITY = YES_AGGRESSIVE;
				CLANG_WARN_UNREACHABLE_CODE = YES;
				CLANG_WARN__DUPLICATE_METHOD_MATCH = YES;
				CODE_SIGN_IDENTITY = "iPhone Developer";
				COPY_PHASE_STRIP = NO;
				DEBUG_INFORMATION_FORMAT = dwarf;
				ENABLE_STRICT_OBJC_MSGSEND = YES;
				ENABLE_TESTABILITY = YES;
				GCC_C_LANGUAGE_STANDARD = gnu11;
				GCC_DYNAMIC_NO_PIC = NO;
				GCC_NO_COMMON_BLOCKS = YES;
				GCC_OPTIMIZATION_LEVEL = 0;
				GCC_PREPROCESSOR_DEFINITIONS = (
					"DEBUG=1",
					"$(inherited)",
				);
				GCC_WARN_64_TO_32_BIT_CONVERSION = YES;
				GCC_WARN_ABOUT_RETURN_TYPE = YES_ERROR;
				GCC_WARN_UNDECLARED_SELECTOR = YES;
				GCC_WARN_UNINITIALIZED_AUTOS = YES_AGGRESSIVE;
				GCC_WARN_UNUSED_FUNCTION = YES;
				GCC_WARN_UNUSED_VARIABLE = YES;
				IPHONEOS_DEPLOYMENT_TARGET = 7.1;
				MTL_ENABLE_DEBUG_INFO = INCLUDE_SOURCE;
				MTL_FAST_MATH = YES;
				ONLY_ACTIVE_ARCH = YES;
				SDKROOT = iphoneos;
			};
			name = Debug;
		};
		B373851B1AEB65A1006E432F /* Release */ = {
			isa = XCBuildConfiguration;
			buildSettings = {
				ALWAYS_SEARCH_USER_PATHS = NO;
				CLANG_ANALYZER_NONNULL = YES;
				CLANG_ANALYZER_NUMBER_OBJECT_CONVERSION = YES_AGGRESSIVE;
				CLANG_CXX_LANGUAGE_STANDARD = "gnu++14";
				CLANG_CXX_LIBRARY = "libc++";
				CLANG_ENABLE_MODULES = YES;
				CLANG_ENABLE_OBJC_ARC = YES;
				CLANG_ENABLE_OBJC_WEAK = YES;
				CLANG_WARN_BLOCK_CAPTURE_AUTORELEASING = YES;
				CLANG_WARN_BOOL_CONVERSION = YES;
				CLANG_WARN_COMMA = YES;
				CLANG_WARN_CONSTANT_CONVERSION = YES;
				CLANG_WARN_DEPRECATED_OBJC_IMPLEMENTATIONS = YES;
				CLANG_WARN_DIRECT_OBJC_ISA_USAGE = YES_ERROR;
				CLANG_WARN_DOCUMENTATION_COMMENTS = YES;
				CLANG_WARN_EMPTY_BODY = YES;
				CLANG_WARN_ENUM_CONVERSION = YES;
				CLANG_WARN_INFINITE_RECURSION = YES;
				CLANG_WARN_INT_CONVERSION = YES;
				CLANG_WARN_NON_LITERAL_NULL_CONVERSION = YES;
				CLANG_WARN_OBJC_IMPLICIT_RETAIN_SELF = YES;
				CLANG_WARN_OBJC_LITERAL_CONVERSION = YES;
				CLANG_WARN_OBJC_ROOT_CLASS = YES_ERROR;
				CLANG_WARN_RANGE_LOOP_ANALYSIS = YES;
				CLANG_WARN_STRICT_PROTOTYPES = YES;
				CLANG_WARN_SUSPICIOUS_MOVE = YES;
				CLANG_WARN_UNGUARDED_AVAILABILITY = YES_AGGRESSIVE;
				CLANG_WARN_UNREACHABLE_CODE = YES;
				CLANG_WARN__DUPLICATE_METHOD_MATCH = YES;
				CODE_SIGN_IDENTITY = "iPhone Developer";
				COPY_PHASE_STRIP = NO;
				DEBUG_INFORMATION_FORMAT = "dwarf-with-dsym";
				ENABLE_NS_ASSERTIONS = NO;
				ENABLE_STRICT_OBJC_MSGSEND = YES;
				GCC_C_LANGUAGE_STANDARD = gnu11;
				GCC_NO_COMMON_BLOCKS = YES;
				GCC_WARN_64_TO_32_BIT_CONVERSION = YES;
				GCC_WARN_ABOUT_RETURN_TYPE = YES_ERROR;
				GCC_WARN_UNDECLARED_SELECTOR = YES;
				GCC_WARN_UNINITIALIZED_AUTOS = YES_AGGRESSIVE;
				GCC_WARN_UNUSED_FUNCTION = YES;
				GCC_WARN_UNUSED_VARIABLE = YES;
				IPHONEOS_DEPLOYMENT_TARGET = 7.1;
				MTL_ENABLE_DEBUG_INFO = NO;
				MTL_FAST_MATH = YES;
				SDKROOT = iphoneos;
				VALIDATE_PRODUCT = YES;
			};
			name = Release;
		};
		B373851D1AEB65A1006E432F /* Debug */ = {
			isa = XCBuildConfiguration;
			buildSettings = {
				ASSETCATALOG_COMPILER_APPICON_NAME = AppIcon;
				ASSETCATALOG_COMPILER_LAUNCHIMAGE_NAME = LaunchImage;
				CODE_SIGN_STYLE = Manual;
				DEVELOPMENT_TEAM = "";
				INFOPLIST_FILE = LMQScreenRecorder/Info.plist;
				IPHONEOS_DEPLOYMENT_TARGET = 7.1;
				LD_RUNPATH_SEARCH_PATHS = "$(inherited) @executable_path/Frameworks";
				PRODUCT_BUNDLE_IDENTIFIER = com.qinastudio.LMQScreenRecorder;
				PRODUCT_NAME = "$(TARGET_NAME)";
				PROVISIONING_PROFILE_SPECIFIER = "";
				TARGETED_DEVICE_FAMILY = "1,2";
			};
			name = Debug;
		};
		B373851E1AEB65A1006E432F /* Release */ = {
			isa = XCBuildConfiguration;
			buildSettings = {
				ASSETCATALOG_COMPILER_APPICON_NAME = AppIcon;
				ASSETCATALOG_COMPILER_LAUNCHIMAGE_NAME = LaunchImage;
				CODE_SIGN_STYLE = Manual;
				DEVELOPMENT_TEAM = "";
				INFOPLIST_FILE = LMQScreenRecorder/Info.plist;
				IPHONEOS_DEPLOYMENT_TARGET = 7.1;
				LD_RUNPATH_SEARCH_PATHS = "$(inherited) @executable_path/Frameworks";
				PRODUCT_BUNDLE_IDENTIFIER = com.qinastudio.LMQScreenRecorder;
				PRODUCT_NAME = "$(TARGET_NAME)";
				PROVISIONING_PROFILE_SPECIFIER = "";
				TARGETED_DEVICE_FAMILY = "1,2";
			};
			name = Release;
		};
/* End XCBuildConfiguration section */

/* Begin XCConfigurationList section */
		B37385011AEB65A0006E432F /* Build configuration list for PBXProject "LMQScreenRecorder" */ = {
			isa = XCConfigurationList;
			buildConfigurations = (
				B373851A1AEB65A1006E432F /* Debug */,
				B373851B1AEB65A1006E432F /* Release */,
			);
			defaultConfigurationIsVisible = 0;
			defaultConfigurationName = Release;
		};
		B373851C1AEB65A1006E432F /* Build configuration list for PBXNativeTarget "LMQScreenRecorder" */ = {
			isa = XCConfigurationList;
			buildConfigurations = (
				B373851D1AEB65A1006E432F /* Debug */,
				B373851E1AEB65A1006E432F /* Release */,
			);
			defaultConfigurationIsVisible = 0;
			defaultConfigurationName = Release;
		};
/* End XCConfigurationList section */
	};
	rootObject = B37384FE1AEB65A0006E432F /* Project object */;
}
